
Microsoft Visual Studio Solution File, Format Version 12.00
# Visual Studio Version 17
VisualStudioVersion = 17.10.35013.160
MinimumVisualStudioVersion = 10.0.40219.1
Project("{2150E333-8FDC-42A3-9474-1A3956D46DE8}") = "src", "src", "{680E66B7-88B3-4F82-BBFC-D50902A9728A}"
EndProject
Project("{2150E333-8FDC-42A3-9474-1A3956D46DE8}") = "test", "test", "{9EE80C94-0011-4F12-87A2-BD918A7E0B42}"
EndProject
Project("{9A19103F-16F7-4668-BE54-9A1E7A4F7556}") = "TDD.Domain", "src\TDD.Domain\TDD.Domain.csproj", "{B6077E6A-46B1-47E6-AEAC-3B09140CD176}"
EndProject
Project("{9A19103F-16F7-4668-BE54-9A1E7A4F7556}") = "TDD.Domain.Unit.Test", "test\TDD.Domain.Unit.Test\TDD.Domain.Unit.Test.csproj", "{41225BA8-6958-4AA7-AF0A-9005147D0AFB}"
EndProject
Project("{2150E333-8FDC-42A3-9474-1A3956D46DE8}") = "unit", "unit", "{617C9AF9-6563-4DA0-BF7A-153F5BD4D865}"
EndProject
Project("{9A19103F-16F7-4668-BE54-9A1E7A4F7556}") = "TDD.Application", "src\TDD.Application\TDD.Application.csproj", "{D422DA2E-3353-48C1-A9EE-70ADD45A56B4}"
EndProject
Project("{9A19103F-16F7-4668-BE54-9A1E7A4F7556}") = "TDD.Infrastructure", "src\TDD.Infrastructure\TDD.Infrastructure.csproj", "{0204C0C3-0FAF-437E-A85D-DB33DAF0D475}"
EndProject
Project("{9A19103F-16F7-4668-BE54-9A1E7A4F7556}") = "TDD-Rest", "src\TDD-Rest\TDD-Rest.csproj", "{CCEB1396-E889-4FFE-BA7E-8EF13FBAC27F}"
EndProject
Project("{2150E333-8FDC-42A3-9474-1A3956D46DE8}") = "Integration", "Integration", "{30752537-35BD-4B90-8AA2-2CDB75EA2099}"
EndProject
Project("{9A19103F-16F7-4668-BE54-9A1E7A4F7556}") = "TDD.Application.Integration.Test", "test\TDD.Application.Integration.Test\TDD.Application.Integration.Test.csproj", "{AA41DF0C-F08B-40BE-89F2-1FD393F6668D}"
EndProject
Project("{9A19103F-16F7-4668-BE54-9A1E7A4F7556}") = "TDD.Application.Unit.Test", "test\TDD.Application.Unit.Test\TDD.Application.Unit.Test.csproj", "{305F0EE1-29AB-4DD7-A337-9B71FB67BC35}"
EndProject
Project("{FAE04EC0-301F-11D3-BF4B-00C04F79EFBC}") = "TDD.API.Unit.Test", "test\TDD.API.Unit.Test\TDD.API.Unit.Test.csproj", "{8A6A9682-F6C1-4D28-9376-D16309250131}"
EndProject
Project("{9A19103F-16F7-4668-BE54-9A1E7A4F7556}") = "TDD.API.Integeration.Test", "test\TDD.API.Integeration.Test\TDD.API.Integeration.Test.csproj", "{33F3881B-DAEC-4FAC-9788-1351A69FBE52}"
EndProject
Global
	GlobalSection(SolutionConfigurationPlatforms) = preSolution
		Debug|Any CPU = Debug|Any CPU
		Release|Any CPU = Release|Any CPU
	EndGlobalSection
	GlobalSection(ProjectConfigurationPlatforms) = postSolution
		{B6077E6A-46B1-47E6-AEAC-3B09140CD176}.Debug|Any CPU.ActiveCfg = Debug|Any CPU
		{B6077E6A-46B1-47E6-AEAC-3B09140CD176}.Debug|Any CPU.Build.0 = Debug|Any CPU
		{B6077E6A-46B1-47E6-AEAC-3B09140CD176}.Release|Any CPU.ActiveCfg = Release|Any CPU
		{B6077E6A-46B1-47E6-AEAC-3B09140CD176}.Release|Any CPU.Build.0 = Release|Any CPU
		{41225BA8-6958-4AA7-AF0A-9005147D0AFB}.Debug|Any CPU.ActiveCfg = Debug|Any CPU
		{41225BA8-6958-4AA7-AF0A-9005147D0AFB}.Debug|Any CPU.Build.0 = Debug|Any CPU
		{41225BA8-6958-4AA7-AF0A-9005147D0AFB}.Release|Any CPU.ActiveCfg = Release|Any CPU
		{41225BA8-6958-4AA7-AF0A-9005147D0AFB}.Release|Any CPU.Build.0 = Release|Any CPU
		{D422DA2E-3353-48C1-A9EE-70ADD45A56B4}.Debug|Any CPU.ActiveCfg = Debug|Any CPU
		{D422DA2E-3353-48C1-A9EE-70ADD45A56B4}.Debug|Any CPU.Build.0 = Debug|Any CPU
		{D422DA2E-3353-48C1-A9EE-70ADD45A56B4}.Release|Any CPU.ActiveCfg = Release|Any CPU
		{D422DA2E-3353-48C1-A9EE-70ADD45A56B4}.Release|Any CPU.Build.0 = Release|Any CPU
		{0204C0C3-0FAF-437E-A85D-DB33DAF0D475}.Debug|Any CPU.ActiveCfg = Debug|Any CPU
		{0204C0C3-0FAF-437E-A85D-DB33DAF0D475}.Debug|Any CPU.Build.0 = Debug|Any CPU
		{0204C0C3-0FAF-437E-A85D-DB33DAF0D475}.Release|Any CPU.ActiveCfg = Release|Any CPU
		{0204C0C3-0FAF-437E-A85D-DB33DAF0D475}.Release|Any CPU.Build.0 = Release|Any CPU
		{CCEB1396-E889-4FFE-BA7E-8EF13FBAC27F}.Debug|Any CPU.ActiveCfg = Debug|Any CPU
		{CCEB1396-E889-4FFE-BA7E-8EF13FBAC27F}.Debug|Any CPU.Build.0 = Debug|Any CPU
		{CCEB1396-E889-4FFE-BA7E-8EF13FBAC27F}.Release|Any CPU.ActiveCfg = Release|Any CPU
		{CCEB1396-E889-4FFE-BA7E-8EF13FBAC27F}.Release|Any CPU.Build.0 = Release|Any CPU
		{AA41DF0C-F08B-40BE-89F2-1FD393F6668D}.Debug|Any CPU.ActiveCfg = Debug|Any CPU
		{AA41DF0C-F08B-40BE-89F2-1FD393F6668D}.Debug|Any CPU.Build.0 = Debug|Any CPU
		{AA41DF0C-F08B-40BE-89F2-1FD393F6668D}.Release|Any CPU.ActiveCfg = Release|Any CPU
		{AA41DF0C-F08B-40BE-89F2-1FD393F6668D}.Release|Any CPU.Build.0 = Release|Any CPU
		{305F0EE1-29AB-4DD7-A337-9B71FB67BC35}.Debug|Any CPU.ActiveCfg = Debug|Any CPU
		{305F0EE1-29AB-4DD7-A337-9B71FB67BC35}.Debug|Any CPU.Build.0 = Debug|Any CPU
		{305F0EE1-29AB-4DD7-A337-9B71FB67BC35}.Release|Any CPU.ActiveCfg = Release|Any CPU
		{305F0EE1-29AB-4DD7-A337-9B71FB67BC35}.Release|Any CPU.Build.0 = Release|Any CPU
		{8A6A9682-F6C1-4D28-9376-D16309250131}.Debug|Any CPU.ActiveCfg = Debug|Any CPU
		{8A6A9682-F6C1-4D28-9376-D16309250131}.Debug|Any CPU.Build.0 = Debug|Any CPU
		{8A6A9682-F6C1-4D28-9376-D16309250131}.Release|Any CPU.ActiveCfg = Release|Any CPU
		{8A6A9682-F6C1-4D28-9376-D16309250131}.Release|Any CPU.Build.0 = Release|Any CPU
		{33F3881B-DAEC-4FAC-9788-1351A69FBE52}.Debug|Any CPU.ActiveCfg = Debug|Any CPU
		{33F3881B-DAEC-4FAC-9788-1351A69FBE52}.Debug|Any CPU.Build.0 = Debug|Any CPU
		{33F3881B-DAEC-4FAC-9788-1351A69FBE52}.Release|Any CPU.ActiveCfg = Release|Any CPU
		{33F3881B-DAEC-4FAC-9788-1351A69FBE52}.Release|Any CPU.Build.0 = Release|Any CPU
	EndGlobalSection
	GlobalSection(SolutionProperties) = preSolution
		HideSolutionNode = FALSE
	EndGlobalSection
	GlobalSection(NestedProjects) = preSolution
		{B6077E6A-46B1-47E6-AEAC-3B09140CD176} = {680E66B7-88B3-4F82-BBFC-D50902A9728A}
		{41225BA8-6958-4AA7-AF0A-9005147D0AFB} = {617C9AF9-6563-4DA0-BF7A-153F5BD4D865}
		{617C9AF9-6563-4DA0-BF7A-153F5BD4D865} = {9EE80C94-0011-4F12-87A2-BD918A7E0B42}
		{D422DA2E-3353-48C1-A9EE-70ADD45A56B4} = {680E66B7-88B3-4F82-BBFC-D50902A9728A}
		{0204C0C3-0FAF-437E-A85D-DB33DAF0D475} = {680E66B7-88B3-4F82-BBFC-D50902A9728A}
		{CCEB1396-E889-4FFE-BA7E-8EF13FBAC27F} = {680E66B7-88B3-4F82-BBFC-D50902A9728A}
		{30752537-35BD-4B90-8AA2-2CDB75EA2099} = {9EE80C94-0011-4F12-87A2-BD918A7E0B42}
		{AA41DF0C-F08B-40BE-89F2-1FD393F6668D} = {30752537-35BD-4B90-8AA2-2CDB75EA2099}
		{305F0EE1-29AB-4DD7-A337-9B71FB67BC35} = {617C9AF9-6563-4DA0-BF7A-153F5BD4D865}
		{8A6A9682-F6C1-4D28-9376-D16309250131} = {617C9AF9-6563-4DA0-BF7A-153F5BD4D865}
		{33F3881B-DAEC-4FAC-9788-1351A69FBE52} = {30752537-35BD-4B90-8AA2-2CDB75EA2099}
	EndGlobalSection
	GlobalSection(ExtensibilityGlobals) = postSolution
		SolutionGuid = {5DD2AB0B-9441-4128-8A3D-DB813D16ECB9}
	EndGlobalSection
EndGlobal
